
Microsoft Visual Studio Solution File, Format Version 12.00
# Visual Studio Version 16
VisualStudioVersion = 16.0.30717.126
MinimumVisualStudioVersion = 10.0.40219.1
Project("{9A19103F-16F7-4668-BE54-9A1E7A4F7556}") = "FoodJournal", "FoodJournal\FoodJournal.csproj", "{38F3F48A-811A-4BEB-B7CA-0651C40B46D2}"
EndProject
Project("{9A19103F-16F7-4668-BE54-9A1E7A4F7556}") = "MealPlanner", "MealPlanner\MealPlanner.csproj", "{41A7E3C4-25AF-4D11-9404-ADC1710A5178}"
EndProject
Project("{9A19103F-16F7-4668-BE54-9A1E7A4F7556}") = "Gateway", "Gateway\Gateway.csproj", "{2C40F556-4736-414F-97EA-1DD430F846C2}"
EndProject
Global
	GlobalSection(SolutionConfigurationPlatforms) = preSolution
		Debug|Any CPU = Debug|Any CPU
		Release|Any CPU = Release|Any CPU
	EndGlobalSection
	GlobalSection(ProjectConfigurationPlatforms) = postSolution
		{38F3F48A-811A-4BEB-B7CA-0651C40B46D2}.Debug|Any CPU.ActiveCfg = Debug|Any CPU
		{38F3F48A-811A-4BEB-B7CA-0651C40B46D2}.Debug|Any CPU.Build.0 = Debug|Any CPU
		{38F3F48A-811A-4BEB-B7CA-0651C40B46D2}.Release|Any CPU.ActiveCfg = Release|Any CPU
		{38F3F48A-811A-4BEB-B7CA-0651C40B46D2}.Release|Any CPU.Build.0 = Release|Any CPU
		{41A7E3C4-25AF-4D11-9404-ADC1710A5178}.Debug|Any CPU.ActiveCfg = Debug|Any CPU
		{41A7E3C4-25AF-4D11-9404-ADC1710A5178}.Debug|Any CPU.Build.0 = Debug|Any CPU
		{41A7E3C4-25AF-4D11-9404-ADC1710A5178}.Release|Any CPU.ActiveCfg = Release|Any CPU
		{41A7E3C4-25AF-4D11-9404-ADC1710A5178}.Release|Any CPU.Build.0 = Release|Any CPU
		{2C40F556-4736-414F-97EA-1DD430F846C2}.Debug|Any CPU.ActiveCfg = Debug|Any CPU
		{2C40F556-4736-414F-97EA-1DD430F846C2}.Debug|Any CPU.Build.0 = Debug|Any CPU
		{2C40F556-4736-414F-97EA-1DD430F846C2}.Release|Any CPU.ActiveCfg = Release|Any CPU
		{2C40F556-4736-414F-97EA-1DD430F846C2}.Release|Any CPU.Build.0 = Release|Any CPU
	EndGlobalSection
	GlobalSection(SolutionProperties) = preSolution
		HideSolutionNode = FALSE
	EndGlobalSection
	GlobalSection(ExtensibilityGlobals) = postSolution
		SolutionGuid = {228CEEBC-50D3-44DF-AD3B-6B361ABC9A86}
	EndGlobalSection
EndGlobal
